github.com/akhilerm/api-test v1.0.0 h1:rKp8P28llUlNPoagV0u9Ih8lmTbUsXAVQb9jbKjVTpc=
github.com/akhilerm/api-test v1.0.0/go.mod h1:LuT65Vcuxi0zk/VkRFgKBjU8qi/sF8RQD9VDx7ErC1A=
github.com/akhilerm/api-test/v2 v2.0.0 h1:cgTP8u9vuTf7Or6XhUizPqKL+8HvF1oJDy1axC6ca40=
github.com/akhilerm/api-test/v2 v2.0.0/go.mod h1:1tIfoZ5pWW+vYqIujAMEcq/2J8suFyHVaoYhTT1J3rI=
